
Microsoft Visual Studio Solution File, Format Version 12.00
# Visual Studio Version 16
VisualStudioVersion = 16.0.30204.135
MinimumVisualStudioVersion = 10.0.40219.1
Project("{FAE04EC0-301F-11D3-BF4B-00C04F79EFBC}") = "DMObjectReader", "DMObjectReader\DMObjectReader.csproj", "{0C235FD8-A96C-424E-9F4E-A66D947013D4}"
EndProject
Global
	GlobalSection(SolutionConfigurationPlatforms) = preSolution
		Debug|Any CPU = Debug|Any CPU
		Release|Any CPU = Release|Any CPU
	EndGlobalSection
	GlobalSection(ProjectConfigurationPlatforms) = postSolution
		{0C235FD8-A96C-424E-9F4E-A66D947013D4}.Debug|Any CPU.ActiveCfg = Debug|Any CPU
		{0C235FD8-A96C-424E-9F4E-A66D947013D4}.Debug|Any CPU.Build.0 = Debug|Any CPU
		{0C235FD8-A96C-424E-9F4E-A66D947013D4}.Release|Any CPU.ActiveCfg = Release|Any CPU
		{0C235FD8-A96C-424E-9F4E-A66D947013D4}.Release|Any CPU.Build.0 = Release|Any CPU
	EndGlobalSection
	GlobalSection(SolutionProperties) = preSolution
		HideSolutionNode = FALSE
	EndGlobalSection
	GlobalSection(ExtensibilityGlobals) = postSolution
		SolutionGuid = {7549AD5E-F275-4A41-986F-A5DBAC0F0BFF}
	EndGlobalSection
EndGlobal
